# This file is automatically @generated by Cargo.
# It is not intended for manual editing.
version = 4

[[package]]
name = "lynx-cli"
version = "0.1.0"
dependencies = [
 "lynx-core",
]

[[package]]
name = "lynx-core"
version = "0.1.0"

[[package]]
name = "lynx-lsp"
version = "0.1.0"
dependencies = [
 "lynx-core",
]
